#include<iostream>
using namespace std;
class Cat
{
public:
	Cat()
	{
		itsAge = new int;
		*itsAge = 5;
	}
	int getAge() { return*itsAge; }
	void setAge(int a) { *itsAge = a; }
	~Cat() { delete itsAge; }
	Cat(Cat &c)
	{
		itsAge = new int;
		*itsAge = *c.itsAge;
	}
private:
	int *itsAge;
};
int main()
{
	Cat c1;
	Cat c2(c1);
	c2.setAge(6);
	cout << c1.getAge() << endl;
	system("pause");
	return 0;
}
